
Microsoft Visual Studio Solution File, Format Version 12.00
# Visual Studio Version 17
VisualStudioVersion = 17.8.34330.188
MinimumVisualStudioVersion = 10.0.40219.1
Project("{FAE04EC0-301F-11D3-BF4B-00C04F79EFBC}") = "Taurus.DTC.Client.Kafka-Demo", "Taurus.DTC.Client.Kafka-Demo.csproj", "{131204A1-2D2C-4B20-BB48-0BA8779239F1}"
EndProject
Global
	GlobalSection(SolutionConfigurationPlatforms) = preSolution
		Debug|Any CPU = Debug|Any CPU
		Release|Any CPU = Release|Any CPU
	EndGlobalSection
	GlobalSection(ProjectConfigurationPlatforms) = postSolution
		{131204A1-2D2C-4B20-BB48-0BA8779239F1}.Debug|Any CPU.ActiveCfg = Debug|Any CPU
		{131204A1-2D2C-4B20-BB48-0BA8779239F1}.Debug|Any CPU.Build.0 = Debug|Any CPU
		{131204A1-2D2C-4B20-BB48-0BA8779239F1}.Release|Any CPU.ActiveCfg = Release|Any CPU
		{131204A1-2D2C-4B20-BB48-0BA8779239F1}.Release|Any CPU.Build.0 = Release|Any CPU
	EndGlobalSection
	GlobalSection(SolutionProperties) = preSolution
		HideSolutionNode = FALSE
	EndGlobalSection
	GlobalSection(ExtensibilityGlobals) = postSolution
		SolutionGuid = {92C45316-CF1E-47AC-95BD-5BAF980A6F3B}
	EndGlobalSection
EndGlobal
